// !$*UTF8*$!
{
	archiveVersion = 1;
	classes = {
	};
	objectVersion = 56;
	objects = {

/* Begin PBXBuildFile section */
		03ADF5952A06E5FF00FCD6E4 /* AnimationsApp.swift in Sources */ = {isa = PBXBuildFile; fileRef = 03ADF5942A06E5FF00FCD6E4 /* AnimationsApp.swift */; };
		03ADF5972A06E5FF00FCD6E4 /* ContentView.swift in Sources */ = {isa = PBXBuildFile; fileRef = 03ADF5962A06E5FF00FCD6E4 /* ContentView.swift */; };
		03ADF5992A06E60000FCD6E4 /* Assets.xcassets in Resources */ = {isa = PBXBuildFile; fileRef = 03ADF5982A06E60000FCD6E4 /* Assets.xcassets */; };
		03ADF59C2A06E60000FCD6E4 /* Preview Assets.xcassets in Resources */ = {isa = PBXBuildFile; fileRef = 03ADF59B2A06E60000FCD6E4 /* Preview Assets.xcassets */; };
		03ADF5A62A06E60000FCD6E4 /* AnimationsTests.swift in Sources */ = {isa = PBXBuildFile; fileRef = 03ADF5A52A06E60000FCD6E4 /* AnimationsTests.swift */; };
		03ADF5B02A06E60000FCD6E4 /* AnimationsUITests.swift in Sources */ = {isa = PBXBuildFile; fileRef = 03ADF5AF2A06E60000FCD6E4 /* AnimationsUITests.swift */; };
		03ADF5B22A06E60000FCD6E4 /* AnimationsUITestsLaunchTests.swift in Sources */ = {isa = PBXBuildFile; fileRef = 03ADF5B12A06E60000FCD6E4 /* AnimationsUITestsLaunchTests.swift */; };
/* End PBXBuildFile section */

/* Begin PBXContainerItemProxy section */
		03ADF5A22A06E60000FCD6E4 /* PBXContainerItemProxy */ = {
			isa = PBXContainerItemProxy;
			containerPortal = 03ADF5892A06E5FF00FCD6E4 /* Project object */;
			proxyType = 1;
			remoteGlobalIDString = 03ADF5902A06E5FF00FCD6E4;
			remoteInfo = Animations;
		};
		03ADF5AC2A06E60000FCD6E4 /* PBXContainerItemProxy */ = {
			isa = PBXContainerItemProxy;
			containerPortal = 03ADF5892A06E5FF00FCD6E4 /* Project object */;
			proxyType = 1;
			remoteGlobalIDString = 03ADF5902A06E5FF00FCD6E4;
			remoteInfo = Animations;
		};
/* End PBXContainerItemProxy section */

/* Begin PBXFileReference section */
		03ADF5912A06E5FF00FCD6E4 /* Animations.app */ = {isa = PBXFileReference; explicitFileType = wrapper.application; includeInIndex = 0; path = Animations.app; sourceTree = BUILT_PRODUCTS_DIR; };
		03ADF5942A06E5FF00FCD6E4 /* AnimationsApp.swift */ = {isa = PBXFileReference; lastKnownFileType = sourcecode.swift; path = AnimationsApp.swift; sourceTree = "<group>"; };
		03ADF5962A06E5FF00FCD6E4 /* ContentView.swift */ = {isa = PBXFileReference; lastKnownFileType = sourcecode.swift; path = ContentView.swift; sourceTree = "<group>"; };
		03ADF5982A06E60000FCD6E4 /* Assets.xcassets */ = {isa = PBXFileReference; lastKnownFileType = folder.assetcatalog; path = Assets.xcassets; sourceTree = "<group>"; };
		03ADF59B2A06E60000FCD6E4 /* Preview Assets.xcassets */ = {isa = PBXFileReference; lastKnownFileType = folder.assetcatalog; path = "Preview Assets.xcassets"; sourceTree = "<group>"; };
		03ADF5A12A06E60000FCD6E4 /* AnimationsTests.xctest */ = {isa = PBXFileReference; explicitFileType = wrapper.cfbundle; includeInIndex = 0; path = AnimationsTests.xctest; sourceTree = BUILT_PRODUCTS_DIR; };
		03ADF5A52A06E60000FCD6E4 /* AnimationsTests.swift */ = {isa = PBXFileReference; lastKnownFileType = sourcecode.swift; path = AnimationsTests.swift; sourceTree = "<group>"; };
		03ADF5AB2A06E60000FCD6E4 /* AnimationsUITests.xctest */ = {isa = PBXFileReference; explicitFileType = wrapper.cfbundle; includeInIndex = 0; path = AnimationsUITests.xctest; sourceTree = BUILT_PRODUCTS_DIR; };
		03ADF5AF2A06E60000FCD6E4 /* AnimationsUITests.swift */ = {isa = PBXFileReference; lastKnownFileType = sourcecode.swift; path = AnimationsUITests.swift; sourceTree = "<group>"; };
		03ADF5B12A06E60000FCD6E4 /* AnimationsUITestsLaunchTests.swift */ = {isa = PBXFileReference; lastKnownFileType = sourcecode.swift; path = AnimationsUITestsLaunchTests.swift; sourceTree = "<group>"; };
/* End PBXFileReference section */

/* Begin PBXFrameworksBuildPhase section */
		03ADF58E2A06E5FF00FCD6E4 /* Frameworks */ = {
			isa = PBXFrameworksBuildPhase;
			buildActionMask = 2147483647;
			files = (
			);
			runOnlyForDeploymentPostprocessing = 0;
		};
		03ADF59E2A06E60000FCD6E4 /* Frameworks */ = {
			isa = PBXFrameworksBuildPhase;
			buildActionMask = 2147483647;
			files = (
			);
			runOnlyForDeploymentPostprocessing = 0;
		};
		03ADF5A82A06E60000FCD6E4 /* Frameworks */ = {
			isa = PBXFrameworksBuildPhase;
			buildActionMask = 2147483647;
			files = (
			);
			runOnlyForDeploymentPostprocessing = 0;
		};
/* End PBXFrameworksBuildPhase section */

/* Begin PBXGroup section */
		03ADF5882A06E5FF00FCD6E4 = {
			isa = PBXGroup;
			children = (
				03ADF5932A06E5FF00FCD6E4 /* Animations */,
				03ADF5A42A06E60000FCD6E4 /* AnimationsTests */,
				03ADF5AE2A06E60000FCD6E4 /* AnimationsUITests */,
				03ADF5922A06E5FF00FCD6E4 /* Products */,
			);
			sourceTree = "<group>";
		};
		03ADF5922A06E5FF00FCD6E4 /* Products */ = {
			isa = PBXGroup;
			children = (
				03ADF5912A06E5FF00FCD6E4 /* Animations.app */,
				03ADF5A12A06E60000FCD6E4 /* AnimationsTests.xctest */,
				03ADF5AB2A06E60000FCD6E4 /* AnimationsUITests.xctest */,
			);
			name = Products;
			sourceTree = "<group>";
		};
		03ADF5932A06E5FF00FCD6E4 /* Animations */ = {
			isa = PBXGroup;
			children = (
				03ADF5942A06E5FF00FCD6E4 /* AnimationsApp.swift */,
				03ADF5962A06E5FF00FCD6E4 /* ContentView.swift */,
				03ADF5982A06E60000FCD6E4 /* Assets.xcassets */,
				03ADF59A2A06E60000FCD6E4 /* Preview Content */,
			);
			path = Animations;
			sourceTree = "<group>";
		};
		03ADF59A2A06E60000FCD6E4 /* Preview Content */ = {
			isa = PBXGroup;
			children = (
				03ADF59B2A06E60000FCD6E4 /* Preview Assets.xcassets */,
			);
			path = "Preview Content";
			sourceTree = "<group>";
		};
		03ADF5A42A06E60000FCD6E4 /* AnimationsTests */ = {
			isa = PBXGroup;
			children = (
				03ADF5A52A06E60000FCD6E4 /* AnimationsTests.swift */,
			);
			path = AnimationsTests;
			sourceTree = "<group>";
		};
		03ADF5AE2A06E60000FCD6E4 /* AnimationsUITests */ = {
			isa = PBXGroup;
			children = (
				03ADF5AF2A06E60000FCD6E4 /* AnimationsUITests.swift */,
				03ADF5B12A06E60000FCD6E4 /* AnimationsUITestsLaunchTests.swift */,
			);
			path = AnimationsUITests;
			sourceTree = "<group>";
		};
/* End PBXGroup section */

/* Begin PBXNativeTarget section */
		03ADF5902A06E5FF00FCD6E4 /* Animations */ = {
			isa = PBXNativeTarget;
			buildConfigurationList = 03ADF5B52A06E60000FCD6E4 /* Build configuration list for PBXNativeTarget "Animations" */;
			buildPhases = (
				03ADF58D2A06E5FF00FCD6E4 /* Sources */,
				03ADF58E2A06E5FF00FCD6E4 /* Frameworks */,
				03ADF58F2A06E5FF00FCD6E4 /* Resources */,
			);
			buildRules = (
			);
			dependencies = (
			);
			name = Animations;
			productName = Animations;
			productReference = 03ADF5912A06E5FF00FCD6E4 /* Animations.app */;
			productType = "com.apple.product-type.application";
		};
		03ADF5A02A06E60000FCD6E4 /* AnimationsTests */ = {
			isa = PBXNativeTarget;
			buildConfigurationList = 03ADF5B82A06E60000FCD6E4 /* Build configuration list for PBXNativeTarget "AnimationsTests" */;
			buildPhases = (
				03ADF59D2A06E60000FCD6E4 /* Sources */,
				03ADF59E2A06E60000FCD6E4 /* Frameworks */,
				03ADF59F2A06E60000FCD6E4 /* Resources */,
			);
			buildRules = (
			);
			dependencies = (
				03ADF5A32A06E60000FCD6E4 /* PBXTargetDependency */,
			);
			name = AnimationsTests;
			productName = AnimationsTests;
			productReference = 03ADF5A12A06E60000FCD6E4 /* AnimationsTests.xctest */;
			productType = "com.apple.product-type.bundle.unit-test";
		};
		03ADF5AA2A06E60000FCD6E4 /* AnimationsUITests */ = {
			isa = PBXNativeTarget;
			buildConfigurationList = 03ADF5BB2A06E60000FCD6E4 /* Build configuration list for PBXNativeTarget "AnimationsUITests" */;
			buildPhases = (
				03ADF5A72A06E60000FCD6E4 /* Sources */,
				03ADF5A82A06E60000FCD6E4 /* Frameworks */,
				03ADF5A92A06E60000FCD6E4 /* Resources */,
			);
			buildRules = (
			);
			dependencies = (
				03ADF5AD2A06E60000FCD6E4 /* PBXTargetDependency */,
			);
			name = AnimationsUITests;
			productName = AnimationsUITests;
			productReference = 03ADF5AB2A06E60000FCD6E4 /* AnimationsUITests.xctest */;
			productType = "com.apple.product-type.bundle.ui-testing";
		};
/* End PBXNativeTarget section */

/* Begin PBXProject section */
		03ADF5892A06E5FF00FCD6E4 /* Project object */ = {
			isa = PBXProject;
			attributes = {
				BuildIndependentTargetsInParallel = 1;
				LastSwiftUpdateCheck = 1430;
				LastUpgradeCheck = 1430;
				TargetAttributes = {
					03ADF5902A06E5FF00FCD6E4 = {
						CreatedOnToolsVersion = 14.3;
					};
					03ADF5A02A06E60000FCD6E4 = {
						CreatedOnToolsVersion = 14.3;
						TestTargetID = 03ADF5902A06E5FF00FCD6E4;
					};
					03ADF5AA2A06E60000FCD6E4 = {
						CreatedOnToolsVersion = 14.3;
						TestTargetID = 03ADF5902A06E5FF00FCD6E4;
					};
				};
			};
			buildConfigurationList = 03ADF58C2A06E5FF00FCD6E4 /* Build configuration list for PBXProject "Animations" */;
			compatibilityVersion = "Xcode 14.0";
			developmentRegion = en;
			hasScannedForEncodings = 0;
			knownRegions = (
				en,
				Base,
			);
			mainGroup = 03ADF5882A06E5FF00FCD6E4;
			productRefGroup = 03ADF5922A06E5FF00FCD6E4 /* Products */;
			projectDirPath = "";
			projectRoot = "";
			targets = (
				03ADF5902A06E5FF00FCD6E4 /* Animations */,
				03ADF5A02A06E60000FCD6E4 /* AnimationsTests */,
				03ADF5AA2A06E60000FCD6E4 /* AnimationsUITests */,
			);
		};
/* End PBXProject section */

/* Begin PBXResourcesBuildPhase section */
		03ADF58F2A06E5FF00FCD6E4 /* Resources */ = {
			isa = PBXResourcesBuildPhase;
			buildActionMask = 2147483647;
			files = (
				03ADF59C2A06E60000FCD6E4 /* Preview Assets.xcassets in Resources */,
				03ADF5992A06E60000FCD6E4 /* Assets.xcassets in Resources */,
			);
			runOnlyForDeploymentPostprocessing = 0;
		};
		03ADF59F2A06E60000FCD6E4 /* Resources */ = {
			isa = PBXResourcesBuildPhase;
			buildActionMask = 2147483647;
			files = (
			);
			runOnlyForDeploymentPostprocessing = 0;
		};
		03ADF5A92A06E60000FCD6E4 /* Resources */ = {
			isa = PBXResourcesBuildPhase;
			buildActionMask = 2147483647;
			files = (
			);
			runOnlyForDeploymentPostprocessing = 0;
		};
/* End PBXResourcesBuildPhase section */

/* Begin PBXSourcesBuildPhase section */
		03ADF58D2A06E5FF00FCD6E4 /* Sources */ = {
			isa = PBXSourcesBuildPhase;
			buildActionMask = 2147483647;
			files = (
				03ADF5972A06E5FF00FCD6E4 /* ContentView.swift in Sources */,
				03ADF5952A06E5FF00FCD6E4 /* AnimationsApp.swift in Sources */,
			);
			runOnlyForDeploymentPostprocessing = 0;
		};
		03ADF59D2A06E60000FCD6E4 /* Sources */ = {
			isa = PBXSourcesBuildPhase;
			buildActionMask = 2147483647;
			files = (
				03ADF5A62A06E60000FCD6E4 /* AnimationsTests.swift in Sources */,
			);
			runOnlyForDeploymentPostprocessing = 0;
		};
		03ADF5A72A06E60000FCD6E4 /* Sources */ = {
			isa = PBXSourcesBuildPhase;
			buildActionMask = 2147483647;
			files = (
				03ADF5B02A06E60000FCD6E4 /* AnimationsUITests.swift in Sources */,
				03ADF5B22A06E60000FCD6E4 /* AnimationsUITestsLaunchTests.swift in Sources */,
			);
			runOnlyForDeploymentPostprocessing = 0;
		};
/* End PBXSourcesBuildPhase section */

/* Begin PBXTargetDependency section */
		03ADF5A32A06E60000FCD6E4 /* PBXTargetDependency */ = {
			isa = PBXTargetDependency;
			target = 03ADF5902A06E5FF00FCD6E4 /* Animations */;
			targetProxy = 03ADF5A22A06E60000FCD6E4 /* PBXContainerItemProxy */;
		};
		03ADF5AD2A06E60000FCD6E4 /* PBXTargetDependency */ = {
			isa = PBXTargetDependency;
			target = 03ADF5902A06E5FF00FCD6E4 /* Animations */;
			targetProxy = 03ADF5AC2A06E60000FCD6E4 /* PBXContainerItemProxy */;
		};
/* End PBXTargetDependency section */

/* Begin XCBuildConfiguration section */
		03ADF5B32A06E60000FCD6E4 /* Debug */ = {
			isa = XCBuildConfiguration;
			buildSettings = {
				ALWAYS_SEARCH_USER_PATHS = NO;
				CLANG_ANALYZER_NONNULL = YES;
				CLANG_ANALYZER_NUMBER_OBJECT_CONVERSION = YES_AGGRESSIVE;
				CLANG_CXX_LANGUAGE_STANDARD = "gnu++20";
				CLANG_ENABLE_MODULES = YES;
				CLANG_ENABLE_OBJC_ARC = YES;
				CLANG_ENABLE_OBJC_WEAK = YES;
				CLANG_WARN_BLOCK_CAPTURE_AUTORELEASING = YES;
				CLANG_WARN_BOOL_CONVERSION = YES;
				CLANG_WARN_COMMA = YES;
				CLANG_WARN_CONSTANT_CONVERSION = YES;
				CLANG_WARN_DEPRECATED_OBJC_IMPLEMENTATIONS = YES;
				CLANG_WARN_DIRECT_OBJC_ISA_USAGE = YES_ERROR;
				CLANG_WARN_DOCUMENTATION_COMMENTS = YES;
				CLANG_WARN_EMPTY_BODY = YES;
				CLANG_WARN_ENUM_CONVERSION = YES;
				CLANG_WARN_INFINITE_RECURSION = YES;
				CLANG_WARN_INT_CONVERSION = YES;
				CLANG_WARN_NON_LITERAL_NULL_CONVERSION = YES;
				CLANG_WARN_OBJC_IMPLICIT_RETAIN_SELF = YES;
				CLANG_WARN_OBJC_LITERAL_CONVERSION = YES;
				CLANG_WARN_OBJC_ROOT_CLASS = YES_ERROR;
				CLANG_WARN_QUOTED_INCLUDE_IN_FRAMEWORK_HEADER = YES;
				CLANG_WARN_RANGE_LOOP_ANALYSIS = YES;
				CLANG_WARN_STRICT_PROTOTYPES = YES;
				CLANG_WARN_SUSPICIOUS_MOVE = YES;
				CLANG_WARN_UNGUARDED_AVAILABILITY = YES_AGGRESSIVE;
				CLANG_WARN_UNREACHABLE_CODE = YES;
				CLANG_WARN__DUPLICATE_METHOD_MATCH = YES;
				COPY_PHASE_STRIP = NO;
				DEBUG_INFORMATION_FORMAT = dwarf;
				ENABLE_STRICT_OBJC_MSGSEND = YES;
				ENABLE_TESTABILITY = YES;
				GCC_C_LANGUAGE_STANDARD = gnu11;
				GCC_DYNAMIC_NO_PIC = NO;
				GCC_NO_COMMON_BLOCKS = YES;
				GCC_OPTIMIZATION_LEVEL = 0;
				GCC_PREPROCESSOR_DEFINITIONS = (
					"DEBUG=1",
					"$(inherited)",
				);
				GCC_WARN_64_TO_32_BIT_CONVERSION = YES;
				GCC_WARN_ABOUT_RETURN_TYPE = YES_ERROR;
				GCC_WARN_UNDECLARED_SELECTOR = YES;
				GCC_WARN_UNINITIALIZED_AUTOS = YES_AGGRESSIVE;
				GCC_WARN_UNUSED_FUNCTION = YES;
				GCC_WARN_UNUSED_VARIABLE = YES;
				IPHONEOS_DEPLOYMENT_TARGET = 16.4;
				MTL_ENABLE_DEBUG_INFO = INCLUDE_SOURCE;
				MTL_FAST_MATH = YES;
				ONLY_ACTIVE_ARCH = YES;
				SDKROOT = iphoneos;
				SWIFT_ACTIVE_COMPILATION_CONDITIONS = DEBUG;
				SWIFT_OPTIMIZATION_LEVEL = "-Onone";
			};
			name = Debug;
		};
		03ADF5B42A06E60000FCD6E4 /* Release */ = {
			isa = XCBuildConfiguration;
			buildSettings = {
				ALWAYS_SEARCH_USER_PATHS = NO;
				CLANG_ANALYZER_NONNULL = YES;
				CLANG_ANALYZER_NUMBER_OBJECT_CONVERSION = YES_AGGRESSIVE;
				CLANG_CXX_LANGUAGE_STANDARD = "gnu++20";
				CLANG_ENABLE_MODULES = YES;
				CLANG_ENABLE_OBJC_ARC = YES;
				CLANG_ENABLE_OBJC_WEAK = YES;
				CLANG_WARN_BLOCK_CAPTURE_AUTORELEASING = YES;
				CLANG_WARN_BOOL_CONVERSION = YES;
				CLANG_WARN_COMMA = YES;
				CLANG_WARN_CONSTANT_CONVERSION = YES;
				CLANG_WARN_DEPRECATED_OBJC_IMPLEMENTATIONS = YES;
				CLANG_WARN_DIRECT_OBJC_ISA_USAGE = YES_ERROR;
				CLANG_WARN_DOCUMENTATION_COMMENTS = YES;
				CLANG_WARN_EMPTY_BODY = YES;
				CLANG_WARN_ENUM_CONVERSION = YES;
				CLANG_WARN_INFINITE_RECURSION = YES;
				CLANG_WARN_INT_CONVERSION = YES;
				CLANG_WARN_NON_LITERAL_NULL_CONVERSION = YES;
				CLANG_WARN_OBJC_IMPLICIT_RETAIN_SELF = YES;
				CLANG_WARN_OBJC_LITERAL_CONVERSION = YES;
				CLANG_WARN_OBJC_ROOT_CLASS = YES_ERROR;
				CLANG_WARN_QUOTED_INCLUDE_IN_FRAMEWORK_HEADER = YES;
				CLANG_WARN_RANGE_LOOP_ANALYSIS = YES;
				CLANG_WARN_STRICT_PROTOTYPES = YES;
				CLANG_WARN_SUSPICIOUS_MOVE = YES;
				CLANG_WARN_UNGUARDED_AVAILABILITY = YES_AGGRESSIVE;
				CLANG_WARN_UNREACHABLE_CODE = YES;
				CLANG_WARN__DUPLICATE_METHOD_MATCH = YES;
				COPY_PHASE_STRIP = NO;
				DEBUG_INFORMATION_FORMAT = "dwarf-with-dsym";
				ENABLE_NS_ASSERTIONS = NO;
				ENABLE_STRICT_OBJC_MSGSEND = YES;
				GCC_C_LANGUAGE_STANDARD = gnu11;
				GCC_NO_COMMON_BLOCKS = YES;
				GCC_WARN_64_TO_32_BIT_CONVERSION = YES;
				GCC_WARN_ABOUT_RETURN_TYPE = YES_ERROR;
				GCC_WARN_UNDECLARED_SELECTOR = YES;
				GCC_WARN_UNINITIALIZED_AUTOS = YES_AGGRESSIVE;
				GCC_WARN_UNUSED_FUNCTION = YES;
				GCC_WARN_UNUSED_VARIABLE = YES;
				IPHONEOS_DEPLOYMENT_TARGET = 16.4;
				MTL_ENABLE_DEBUG_INFO = NO;
				MTL_FAST_MATH = YES;
				SDKROOT = iphoneos;
				SWIFT_COMPILATION_MODE = wholemodule;
				SWIFT_OPTIMIZATION_LEVEL = "-O";
				VALIDATE_PRODUCT = YES;
			};
			name = Release;
		};
		03ADF5B62A06E60000FCD6E4 /* Debug */ = {
			isa = XCBuildConfiguration;
			buildSettings = {
				ASSETCATALOG_COMPILER_APPICON_NAME = AppIcon;
				ASSETCATALOG_COMPILER_GLOBAL_ACCENT_COLOR_NAME = AccentColor;
				CODE_SIGN_STYLE = Automatic;
				CURRENT_PROJECT_VERSION = 1;
				DEVELOPMENT_ASSET_PATHS = "\"Animations/Preview Content\"";
				DEVELOPMENT_TEAM = 5QZXV9E6SU;
				ENABLE_PREVIEWS = YES;
				GENERATE_INFOPLIST_FILE = YES;
				INFOPLIST_KEY_UIApplicationSceneManifest_Generation = YES;
				INFOPLIST_KEY_UIApplicationSupportsIndirectInputEvents = YES;
				INFOPLIST_KEY_UILaunchScreen_Generation = YES;
				INFOPLIST_KEY_UISupportedInterfaceOrientations_iPad = "UIInterfaceOrientationPortrait UIInterfaceOrientationPortraitUpsideDown UIInterfaceOrientationLandscapeLeft UIInterfaceOrientationLandscapeRight";
				INFOPLIST_KEY_UISupportedInterfaceOrientations_iPhone = "UIInterfaceOrientationPortrait UIInterfaceOrientationLandscapeLeft UIInterfaceOrientationLandscapeRight";
				LD_RUNPATH_SEARCH_PATHS = (
					"$(inherited)",
					"@executable_path/Frameworks",
				);
				MARKETING_VERSION = 1.0;
				PRODUCT_BUNDLE_IDENTIFIER = mcfate.Animations;
				PRODUCT_NAME = "$(TARGET_NAME)";
				SWIFT_EMIT_LOC_STRINGS = YES;
				SWIFT_VERSION = 5.0;
				TARGETED_DEVICE_FAMILY = "1,2";
			};
			name = Debug;
		};
		03ADF5B72A06E60000FCD6E4 /* Release */ = {
			isa = XCBuildConfiguration;
			buildSettings = {
				ASSETCATALOG_COMPILER_APPICON_NAME = AppIcon;
				ASSETCATALOG_COMPILER_GLOBAL_ACCENT_COLOR_NAME = AccentColor;
				CODE_SIGN_STYLE = Automatic;
				CURRENT_PROJECT_VERSION = 1;
				DEVELOPMENT_ASSET_PATHS = "\"Animations/Preview Content\"";
				DEVELOPMENT_TEAM = 5QZXV9E6SU;
				ENABLE_PREVIEWS = YES;
				GENERATE_INFOPLIST_FILE = YES;
				INFOPLIST_KEY_UIApplicationSceneManifest_Generation = YES;
				INFOPLIST_KEY_UIApplicationSupportsIndirectInputEvents = YES;
				INFOPLIST_KEY_UILaunchScreen_Generation = YES;
				INFOPLIST_KEY_UISupportedInterfaceOrientations_iPad = "UIInterfaceOrientationPortrait UIInterfaceOrientationPortraitUpsideDown UIInterfaceOrientationLandscapeLeft UIInterfaceOrientationLandscapeRight";
				INFOPLIST_KEY_UISupportedInterfaceOrientations_iPhone = "UIInterfaceOrientationPortrait UIInterfaceOrientationLandscapeLeft UIInterfaceOrientationLandscapeRight";
				LD_RUNPATH_SEARCH_PATHS = (
					"$(inherited)",
					"@executable_path/Frameworks",
				);
				MARKETING_VERSION = 1.0;
				PRODUCT_BUNDLE_IDENTIFIER = mcfate.Animations;
				PRODUCT_NAME = "$(TARGET_NAME)";
				SWIFT_EMIT_LOC_STRINGS = YES;
				SWIFT_VERSION = 5.0;
				TARGETED_DEVICE_FAMILY = "1,2";
			};
			name = Release;
		};
		03ADF5B92A06E60000FCD6E4 /* Debug */ = {
			isa = XCBuildConfiguration;
			buildSettings = {
				ALWAYS_EMBED_SWIFT_STANDARD_LIBRARIES = YES;
				BUNDLE_LOADER = "$(TEST_HOST)";
				CODE_SIGN_STYLE = Automatic;
				CURRENT_PROJECT_VERSION = 1;
				DEVELOPMENT_TEAM = 5QZXV9E6SU;
				GENERATE_INFOPLIST_FILE = YES;
				IPHONEOS_DEPLOYMENT_TARGET = 16.4;
				MARKETING_VERSION = 1.0;
				PRODUCT_BUNDLE_IDENTIFIER = mcfate.AnimationsTests;
				PRODUCT_NAME = "$(TARGET_NAME)";
				SWIFT_EMIT_LOC_STRINGS = NO;
				SWIFT_VERSION = 5.0;
				TARGETED_DEVICE_FAMILY = "1,2";
				TEST_HOST = "$(BUILT_PRODUCTS_DIR)/Animations.app/$(BUNDLE_EXECUTABLE_FOLDER_PATH)/Animations";
			};
			name = Debug;
		};
		03ADF5BA2A06E60000FCD6E4 /* Release */ = {
			isa = XCBuildConfiguration;
			buildSettings = {
				ALWAYS_EMBED_SWIFT_STANDARD_LIBRARIES = YES;
				BUNDLE_LOADER = "$(TEST_HOST)";
				CODE_SIGN_STYLE = Automatic;
				CURRENT_PROJECT_VERSION = 1;
				DEVELOPMENT_TEAM = 5QZXV9E6SU;
				GENERATE_INFOPLIST_FILE = YES;
				IPHONEOS_DEPLOYMENT_TARGET = 16.4;
				MARKETING_VERSION = 1.0;
				PRODUCT_BUNDLE_IDENTIFIER = mcfate.AnimationsTests;
				PRODUCT_NAME = "$(TARGET_NAME)";
				SWIFT_EMIT_LOC_STRINGS = NO;
				SWIFT_VERSION = 5.0;
				TARGETED_DEVICE_FAMILY = "1,2";
				TEST_HOST = "$(BUILT_PRODUCTS_DIR)/Animations.app/$(BUNDLE_EXECUTABLE_FOLDER_PATH)/Animations";
			};
			name = Release;
		};
		03ADF5BC2A06E60000FCD6E4 /* Debug */ = {
			isa = XCBuildConfiguration;
			buildSettings = {
				ALWAYS_EMBED_SWIFT_STANDARD_LIBRARIES = YES;
				CODE_SIGN_STYLE = Automatic;
				CURRENT_PROJECT_VERSION = 1;
				DEVELOPMENT_TEAM = 5QZXV9E6SU;
				GENERATE_INFOPLIST_FILE = YES;
				MARKETING_VERSION = 1.0;
				PRODUCT_BUNDLE_IDENTIFIER = mcfate.AnimationsUITests;
				PRODUCT_NAME = "$(TARGET_NAME)";
				SWIFT_EMIT_LOC_STRINGS = NO;
				SWIFT_VERSION = 5.0;
				TARGETED_DEVICE_FAMILY = "1,2";
				TEST_TARGET_NAME = Animations;
			};
			name = Debug;
		};
		03ADF5BD2A06E60000FCD6E4 /* Release */ = {
			isa = XCBuildConfiguration;
			buildSettings = {
				ALWAYS_EMBED_SWIFT_STANDARD_LIBRARIES = YES;
				CODE_SIGN_STYLE = Automatic;
				CURRENT_PROJECT_VERSION = 1;
				DEVELOPMENT_TEAM = 5QZXV9E6SU;
				GENERATE_INFOPLIST_FILE = YES;
				MARKETING_VERSION = 1.0;
				PRODUCT_BUNDLE_IDENTIFIER = mcfate.AnimationsUITests;
				PRODUCT_NAME = "$(TARGET_NAME)";
				SWIFT_EMIT_LOC_STRINGS = NO;
				SWIFT_VERSION = 5.0;
				TARGETED_DEVICE_FAMILY = "1,2";
				TEST_TARGET_NAME = Animations;
			};
			name = Release;
		};
/* End XCBuildConfiguration section */

/* Begin XCConfigurationList section */
		03ADF58C2A06E5FF00FCD6E4 /* Build configuration list for PBXProject "Animations" */ = {
			isa = XCConfigurationList;
			buildConfigurations = (
				03ADF5B32A06E60000FCD6E4 /* Debug */,
				03ADF5B42A06E60000FCD6E4 /* Release */,
			);
			defaultConfigurationIsVisible = 0;
			defaultConfigurationName = Release;
		};
		03ADF5B52A06E60000FCD6E4 /* Build configuration list for PBXNativeTarget "Animations" */ = {
			isa = XCConfigurationList;
			buildConfigurations = (
				03ADF5B62A06E60000FCD6E4 /* Debug */,
				03ADF5B72A06E60000FCD6E4 /* Release */,
			);
			defaultConfigurationIsVisible = 0;
			defaultConfigurationName = Release;
		};
		03ADF5B82A06E60000FCD6E4 /* Build configuration list for PBXNativeTarget "AnimationsTests" */ = {
			isa = XCConfigurationList;
			buildConfigurations = (
				03ADF5B92A06E60000FCD6E4 /* Debug */,
				03ADF5BA2A06E60000FCD6E4 /* Release */,
			);
			defaultConfigurationIsVisible = 0;
			defaultConfigurationName = Release;
		};
		03ADF5BB2A06E60000FCD6E4 /* Build configuration list for PBXNativeTarget "AnimationsUITests" */ = {
			isa = XCConfigurationList;
			buildConfigurations = (
				03ADF5BC2A06E60000FCD6E4 /* Debug */,
				03ADF5BD2A06E60000FCD6E4 /* Release */,
			);
			defaultConfigurationIsVisible = 0;
			defaultConfigurationName = Release;
		};
/* End XCConfigurationList section */
	};
	rootObject = 03ADF5892A06E5FF00FCD6E4 /* Project object */;
}
